
Microsoft Visual Studio Solution File, Format Version 12.00
# Visual Studio 15
Global
	GlobalSection(SolutionConfigurationPlatforms) = preSolution
		Debug|Any CPU = Debug|Any CPU
		Release|Any CPU = Release|Any CPU
	EndGlobalSection
	GlobalSection(ProjectConfigurationPlatforms) = postSolution
		{6415BE4F-0126-9ECF-4181-C5447594CB6B}.Debug|Any CPU.ActiveCfg = Debug|Any CPU
		{6415BE4F-0126-9ECF-4181-C5447594CB6B}.Debug|Any CPU.Build.0 = Debug|Any CPU
		{6415BE4F-0126-9ECF-4181-C5447594CB6B}.Release|Any CPU.ActiveCfg = Release|Any CPU
		{6415BE4F-0126-9ECF-4181-C5447594CB6B}.Release|Any CPU.Build.0 = Release|Any CPU
		{529E4C28-A7F0-C118-55D7-E779F9336FE6}.Debug|Any CPU.ActiveCfg = Debug|Any CPU
		{529E4C28-A7F0-C118-55D7-E779F9336FE6}.Debug|Any CPU.Build.0 = Debug|Any CPU
		{529E4C28-A7F0-C118-55D7-E779F9336FE6}.Release|Any CPU.ActiveCfg = Release|Any CPU
		{529E4C28-A7F0-C118-55D7-E779F9336FE6}.Release|Any CPU.Build.0 = Release|Any CPU
	EndGlobalSection
	GlobalSection(SolutionProperties) = preSolution
		HideSolutionNode = FALSE
	EndGlobalSection
EndGlobal
